
Microsoft Visual Studio Solution File, Format Version 12.00
# Visual Studio Version 17
VisualStudioVersion = 17.11.35312.102
MinimumVisualStudioVersion = 10.0.40219.1
Project("{FAE04EC0-301F-11D3-BF4B-00C04F79EFBC}") = "VirtualShop.ProductApi", "VirtualShop.ProductApi\VirtualShop.ProductApi.csproj", "{68DDE0DA-52E7-4B34-8F66-200D55CB46B3}"
EndProject
Global
	GlobalSection(SolutionConfigurationPlatforms) = preSolution
		Debug|Any CPU = Debug|Any CPU
		Release|Any CPU = Release|Any CPU
	EndGlobalSection
	GlobalSection(ProjectConfigurationPlatforms) = postSolution
		{68DDE0DA-52E7-4B34-8F66-200D55CB46B3}.Debug|Any CPU.ActiveCfg = Debug|Any CPU
		{68DDE0DA-52E7-4B34-8F66-200D55CB46B3}.Debug|Any CPU.Build.0 = Debug|Any CPU
		{68DDE0DA-52E7-4B34-8F66-200D55CB46B3}.Release|Any CPU.ActiveCfg = Release|Any CPU
		{68DDE0DA-52E7-4B34-8F66-200D55CB46B3}.Release|Any CPU.Build.0 = Release|Any CPU
	EndGlobalSection
	GlobalSection(SolutionProperties) = preSolution
		HideSolutionNode = FALSE
	EndGlobalSection
	GlobalSection(ExtensibilityGlobals) = postSolution
		SolutionGuid = {03C359BD-8B95-4AE8-9AE6-7DE2448C4A8A}
	EndGlobalSection
EndGlobal
